
Microsoft Visual Studio Solution File, Format Version 12.00
Project("{FAE04EC0-301F-11D3-BF4B-00C04F79EFBC}") = "okulovSM", "okulovSM.csproj", "{065BD6F6-BFAD-4DD1-9804-C68A66E15897}"
EndProject
Global
	GlobalSection(SolutionConfigurationPlatforms) = preSolution
		Debug|Any CPU = Debug|Any CPU
		Release|Any CPU = Release|Any CPU
	EndGlobalSection
	GlobalSection(ProjectConfigurationPlatforms) = postSolution
		{065BD6F6-BFAD-4DD1-9804-C68A66E15897}.Debug|Any CPU.ActiveCfg = Debug|Any CPU
		{065BD6F6-BFAD-4DD1-9804-C68A66E15897}.Debug|Any CPU.Build.0 = Debug|Any CPU
		{065BD6F6-BFAD-4DD1-9804-C68A66E15897}.Release|Any CPU.ActiveCfg = Debug|Any CPU
		{065BD6F6-BFAD-4DD1-9804-C68A66E15897}.Release|Any CPU.Build.0 = Debug|Any CPU
	EndGlobalSection
EndGlobal
